
Microsoft Visual Studio Solution File, Format Version 12.00
# Visual Studio Version 16
VisualStudioVersion = 16.0.31702.278
MinimumVisualStudioVersion = 10.0.40219.1
Project("{2150E333-8FDC-42A3-9474-1A3956D46DE8}") = "src", "src", "{EAADDDFF-88F2-4722-A145-5F624AABF762}"
EndProject
Project("{2150E333-8FDC-42A3-9474-1A3956D46DE8}") = "test", "test", "{BB982B87-8F4B-43BF-BE95-285B5C25C684}"
EndProject
Project("{2150E333-8FDC-42A3-9474-1A3956D46DE8}") = "Application", "Application", "{B4F43E7A-CF14-4EE8-9F4A-C33B2B188F8C}"
EndProject
Project("{2150E333-8FDC-42A3-9474-1A3956D46DE8}") = "Domain", "Domain", "{159093D6-10B9-4812-AAE1-E42403AC22CF}"
EndProject
Project("{2150E333-8FDC-42A3-9474-1A3956D46DE8}") = "Infrastructure", "Infrastructure", "{47115EDA-F047-4D5E-9FD7-14F7D00AE255}"
EndProject
Project("{2150E333-8FDC-42A3-9474-1A3956D46DE8}") = "Presentation", "Presentation", "{1FA60BDF-1359-4C46-8C8F-7B8B439C83E2}"
EndProject
Project("{FAE04EC0-301F-11D3-BF4B-00C04F79EFBC}") = "Presentation", "Presentation\Presentation.csproj", "{99A913E6-6202-4A6C-8CD0-A3671E593729}"
EndProject
Project("{FAE04EC0-301F-11D3-BF4B-00C04F79EFBC}") = "Tests", "Tests\Tests.csproj", "{55ED0FF8-E6A4-4E67-9579-1EB787B7C8E6}"
EndProject
Project("{FAE04EC0-301F-11D3-BF4B-00C04F79EFBC}") = "Infrastructure", "Infrastructure\Infrastructure.csproj", "{BC504AB7-6718-4E04-83D2-F560A2109802}"
EndProject
Project("{FAE04EC0-301F-11D3-BF4B-00C04F79EFBC}") = "Domain", "Domain\Domain.csproj", "{5C6242AA-7DDC-4196-8637-896275CCE26C}"
EndProject
Project("{FAE04EC0-301F-11D3-BF4B-00C04F79EFBC}") = "Application", "Application\Application.csproj", "{41F835AD-C879-4FFA-8EFF-7C061C73A5DF}"
EndProject
Global
	GlobalSection(SolutionConfigurationPlatforms) = preSolution
		Debug|Any CPU = Debug|Any CPU
		Release|Any CPU = Release|Any CPU
	EndGlobalSection
	GlobalSection(ProjectConfigurationPlatforms) = postSolution
		{99A913E6-6202-4A6C-8CD0-A3671E593729}.Debug|Any CPU.ActiveCfg = Debug|Any CPU
		{99A913E6-6202-4A6C-8CD0-A3671E593729}.Debug|Any CPU.Build.0 = Debug|Any CPU
		{99A913E6-6202-4A6C-8CD0-A3671E593729}.Release|Any CPU.ActiveCfg = Release|Any CPU
		{99A913E6-6202-4A6C-8CD0-A3671E593729}.Release|Any CPU.Build.0 = Release|Any CPU
		{55ED0FF8-E6A4-4E67-9579-1EB787B7C8E6}.Debug|Any CPU.ActiveCfg = Debug|Any CPU
		{55ED0FF8-E6A4-4E67-9579-1EB787B7C8E6}.Debug|Any CPU.Build.0 = Debug|Any CPU
		{55ED0FF8-E6A4-4E67-9579-1EB787B7C8E6}.Release|Any CPU.ActiveCfg = Release|Any CPU
		{55ED0FF8-E6A4-4E67-9579-1EB787B7C8E6}.Release|Any CPU.Build.0 = Release|Any CPU
		{BC504AB7-6718-4E04-83D2-F560A2109802}.Debug|Any CPU.ActiveCfg = Debug|Any CPU
		{BC504AB7-6718-4E04-83D2-F560A2109802}.Debug|Any CPU.Build.0 = Debug|Any CPU
		{BC504AB7-6718-4E04-83D2-F560A2109802}.Release|Any CPU.ActiveCfg = Release|Any CPU
		{BC504AB7-6718-4E04-83D2-F560A2109802}.Release|Any CPU.Build.0 = Release|Any CPU
		{5C6242AA-7DDC-4196-8637-896275CCE26C}.Debug|Any CPU.ActiveCfg = Debug|Any CPU
		{5C6242AA-7DDC-4196-8637-896275CCE26C}.Debug|Any CPU.Build.0 = Debug|Any CPU
		{5C6242AA-7DDC-4196-8637-896275CCE26C}.Release|Any CPU.ActiveCfg = Release|Any CPU
		{5C6242AA-7DDC-4196-8637-896275CCE26C}.Release|Any CPU.Build.0 = Release|Any CPU
		{41F835AD-C879-4FFA-8EFF-7C061C73A5DF}.Debug|Any CPU.ActiveCfg = Debug|Any CPU
		{41F835AD-C879-4FFA-8EFF-7C061C73A5DF}.Debug|Any CPU.Build.0 = Debug|Any CPU
		{41F835AD-C879-4FFA-8EFF-7C061C73A5DF}.Release|Any CPU.ActiveCfg = Release|Any CPU
		{41F835AD-C879-4FFA-8EFF-7C061C73A5DF}.Release|Any CPU.Build.0 = Release|Any CPU
	EndGlobalSection
	GlobalSection(SolutionProperties) = preSolution
		HideSolutionNode = FALSE
	EndGlobalSection
	GlobalSection(NestedProjects) = preSolution
		{B4F43E7A-CF14-4EE8-9F4A-C33B2B188F8C} = {EAADDDFF-88F2-4722-A145-5F624AABF762}
		{159093D6-10B9-4812-AAE1-E42403AC22CF} = {EAADDDFF-88F2-4722-A145-5F624AABF762}
		{47115EDA-F047-4D5E-9FD7-14F7D00AE255} = {EAADDDFF-88F2-4722-A145-5F624AABF762}
		{1FA60BDF-1359-4C46-8C8F-7B8B439C83E2} = {EAADDDFF-88F2-4722-A145-5F624AABF762}
		{99A913E6-6202-4A6C-8CD0-A3671E593729} = {1FA60BDF-1359-4C46-8C8F-7B8B439C83E2}
		{55ED0FF8-E6A4-4E67-9579-1EB787B7C8E6} = {BB982B87-8F4B-43BF-BE95-285B5C25C684}
		{BC504AB7-6718-4E04-83D2-F560A2109802} = {47115EDA-F047-4D5E-9FD7-14F7D00AE255}
		{5C6242AA-7DDC-4196-8637-896275CCE26C} = {159093D6-10B9-4812-AAE1-E42403AC22CF}
		{41F835AD-C879-4FFA-8EFF-7C061C73A5DF} = {B4F43E7A-CF14-4EE8-9F4A-C33B2B188F8C}
	EndGlobalSection
	GlobalSection(ExtensibilityGlobals) = postSolution
		SolutionGuid = {90F31BD9-8EA4-49BC-93F0-4D4264B60698}
	EndGlobalSection
EndGlobal
